
Microsoft Visual Studio Solution File, Format Version 12.00
# Visual Studio Version 16
VisualStudioVersion = 16.0.31321.278
MinimumVisualStudioVersion = 10.0.40219.1
Project("{FAE04EC0-301F-11D3-BF4B-00C04F79EFBC}") = "RegApp", "RegApp\RegApp.csproj", "{1F8F57A2-93FF-4232-80C6-5712A1331F1F}"
EndProject
Project("{FAE04EC0-301F-11D3-BF4B-00C04F79EFBC}") = "DataLayer", "DataLayer\DataLayer.csproj", "{E7744769-E73E-4E1F-99E9-F0670D47C982}"
EndProject
Project("{FAE04EC0-301F-11D3-BF4B-00C04F79EFBC}") = "Common", "Common\Common.csproj", "{C52A6880-60F4-4305-BD1B-CFECFBCE318D}"
EndProject
Global
	GlobalSection(SolutionConfigurationPlatforms) = preSolution
		Debug|Any CPU = Debug|Any CPU
		Release|Any CPU = Release|Any CPU
	EndGlobalSection
	GlobalSection(ProjectConfigurationPlatforms) = postSolution
		{1F8F57A2-93FF-4232-80C6-5712A1331F1F}.Debug|Any CPU.ActiveCfg = Debug|Any CPU
		{1F8F57A2-93FF-4232-80C6-5712A1331F1F}.Debug|Any CPU.Build.0 = Debug|Any CPU
		{1F8F57A2-93FF-4232-80C6-5712A1331F1F}.Release|Any CPU.ActiveCfg = Release|Any CPU
		{1F8F57A2-93FF-4232-80C6-5712A1331F1F}.Release|Any CPU.Build.0 = Release|Any CPU
		{E7744769-E73E-4E1F-99E9-F0670D47C982}.Debug|Any CPU.ActiveCfg = Debug|Any CPU
		{E7744769-E73E-4E1F-99E9-F0670D47C982}.Debug|Any CPU.Build.0 = Debug|Any CPU
		{E7744769-E73E-4E1F-99E9-F0670D47C982}.Release|Any CPU.ActiveCfg = Release|Any CPU
		{E7744769-E73E-4E1F-99E9-F0670D47C982}.Release|Any CPU.Build.0 = Release|Any CPU
		{C52A6880-60F4-4305-BD1B-CFECFBCE318D}.Debug|Any CPU.ActiveCfg = Debug|Any CPU
		{C52A6880-60F4-4305-BD1B-CFECFBCE318D}.Debug|Any CPU.Build.0 = Debug|Any CPU
		{C52A6880-60F4-4305-BD1B-CFECFBCE318D}.Release|Any CPU.ActiveCfg = Release|Any CPU
		{C52A6880-60F4-4305-BD1B-CFECFBCE318D}.Release|Any CPU.Build.0 = Release|Any CPU
	EndGlobalSection
	GlobalSection(SolutionProperties) = preSolution
		HideSolutionNode = FALSE
	EndGlobalSection
	GlobalSection(ExtensibilityGlobals) = postSolution
		SolutionGuid = {C07C72EC-80E2-44E9-9582-52A390DA04A4}
	EndGlobalSection
EndGlobal
